{
  "nodes": {
    "home-manager": {
      "inputs": {
        "nixpkgs": [
          "nixpkgs"
        ]
      },
      "locked": {
        "lastModified": 1706981411,
        "narHash": "sha256-cLbLPTL1CDmETVh4p0nQtvoF+FSEjsnJTFpTxhXywhQ=",
        "owner": "nix-community",
        "repo": "home-manager",
        "rev": "652fda4ca6dafeb090943422c34ae9145787af37",
        "type": "github"
      },
      "original": {
        "owner": "nix-community",
        "ref": "release-23.11",
        "repo": "home-manager",
        "type": "github"
      }
    },
    "nixpkgs": {
      "locked": {
        "lastModified": 1707514827,
        "narHash": "sha256-Y+wqFkvikpE1epCx57PsGw+M1hX5aY5q/xgk+ebDwxI=",
        "owner": "NixOs",
        "repo": "nixpkgs",
        "rev": "20f65b86b6485decb43c5498780c223571dd56ef",
        "type": "github"
      },
      "original": {
        "owner": "NixOs",
        "ref": "nixos-23.11",
        "repo": "nixpkgs",
        "type": "github"
      }
    },
    "plugin-obsidian-nvim": {
      "flake": false,
      "locked": {
        "lastModified": 1707874119,
        "narHash": "sha256-VIc5qgzqJjSv2A0v8tM25pWh+smX9DYXVsyFNTGMPbQ=",
        "owner": "epwalsh",
        "repo": "obsidian.nvim",
        "rev": "0a6739d2229c8eb30396db550f3818e092088c27",
        "type": "github"
      },
      "original": {
        "owner": "epwalsh",
        "repo": "obsidian.nvim",
        "type": "github"
      }
    },
    "root": {
      "inputs": {
        "home-manager": "home-manager",
        "nixpkgs": "nixpkgs",
        "plugin-obsidian-nvim": "plugin-obsidian-nvim"
      }
    }
  },
  "root": "root",
  "version": 7
}
